
Microsoft Visual Studio Solution File, Format Version 12.00
# Visual Studio Version 16
VisualStudioVersion = 16.0.32002.261
MinimumVisualStudioVersion = 10.0.40219.1
Project("{FAE04EC0-301F-11D3-BF4B-00C04F79EFBC}") = "MVCProject", "MVCProject\MVCProject.csproj", "{858B9A69-EF1E-42D3-BAE5-E1A58D476630}"
EndProject
Project("{2150E333-8FDC-42A3-9474-1A3956D46DE8}") = "Solution Items", "Solution Items", "{B95F21B0-E7C9-45BD-BCC3-2BC13F10AC8D}"
	ProjectSection(SolutionItems) = preProject
		ReadMe.txt = ReadMe.txt
	EndProjectSection
EndProject
Project("{FAE04EC0-301F-11D3-BF4B-00C04F79EFBC}") = "EntityLayer", "EntityLayer\EntityLayer.csproj", "{9F8A230C-BC2A-437A-ADDD-63EFCDD5547A}"
EndProject
Project("{FAE04EC0-301F-11D3-BF4B-00C04F79EFBC}") = "DataAccessLayer", "DataAccessLayer\DataAccessLayer.csproj", "{AAB01D52-5AED-424D-B31F-0A6B728C5C10}"
EndProject
Project("{FAE04EC0-301F-11D3-BF4B-00C04F79EFBC}") = "BusinessLayer", "BusinessLayer\BusinessLayer.csproj", "{A948B036-A7B4-42B7-BEDD-05774EC16A34}"
EndProject
Global
	GlobalSection(SolutionConfigurationPlatforms) = preSolution
		Debug|Any CPU = Debug|Any CPU
		Release|Any CPU = Release|Any CPU
	EndGlobalSection
	GlobalSection(ProjectConfigurationPlatforms) = postSolution
		{858B9A69-EF1E-42D3-BAE5-E1A58D476630}.Debug|Any CPU.ActiveCfg = Debug|Any CPU
		{858B9A69-EF1E-42D3-BAE5-E1A58D476630}.Debug|Any CPU.Build.0 = Debug|Any CPU
		{858B9A69-EF1E-42D3-BAE5-E1A58D476630}.Release|Any CPU.ActiveCfg = Release|Any CPU
		{858B9A69-EF1E-42D3-BAE5-E1A58D476630}.Release|Any CPU.Build.0 = Release|Any CPU
		{9F8A230C-BC2A-437A-ADDD-63EFCDD5547A}.Debug|Any CPU.ActiveCfg = Debug|Any CPU
		{9F8A230C-BC2A-437A-ADDD-63EFCDD5547A}.Debug|Any CPU.Build.0 = Debug|Any CPU
		{9F8A230C-BC2A-437A-ADDD-63EFCDD5547A}.Release|Any CPU.ActiveCfg = Release|Any CPU
		{9F8A230C-BC2A-437A-ADDD-63EFCDD5547A}.Release|Any CPU.Build.0 = Release|Any CPU
		{AAB01D52-5AED-424D-B31F-0A6B728C5C10}.Debug|Any CPU.ActiveCfg = Debug|Any CPU
		{AAB01D52-5AED-424D-B31F-0A6B728C5C10}.Debug|Any CPU.Build.0 = Debug|Any CPU
		{AAB01D52-5AED-424D-B31F-0A6B728C5C10}.Release|Any CPU.ActiveCfg = Release|Any CPU
		{AAB01D52-5AED-424D-B31F-0A6B728C5C10}.Release|Any CPU.Build.0 = Release|Any CPU
		{A948B036-A7B4-42B7-BEDD-05774EC16A34}.Debug|Any CPU.ActiveCfg = Debug|Any CPU
		{A948B036-A7B4-42B7-BEDD-05774EC16A34}.Debug|Any CPU.Build.0 = Debug|Any CPU
		{A948B036-A7B4-42B7-BEDD-05774EC16A34}.Release|Any CPU.ActiveCfg = Release|Any CPU
		{A948B036-A7B4-42B7-BEDD-05774EC16A34}.Release|Any CPU.Build.0 = Release|Any CPU
	EndGlobalSection
	GlobalSection(SolutionProperties) = preSolution
		HideSolutionNode = FALSE
	EndGlobalSection
	GlobalSection(ExtensibilityGlobals) = postSolution
		SolutionGuid = {849FB155-CDE3-40BE-9805-0235A7BEE8DB}
	EndGlobalSection
EndGlobal
